{"version":4,"terraform_version":"1.11.2","serial":5,"lineage":"bd13a2bd-951a-ab98-ea44-4ad6f36eb6a9","outputs":{},"resources":[{"mode":"managed","type":"docker_container","name":"gitea","provider":"provider[\"registry.opentofu.org/kreuzwerker/docker\"]","instances":[{"schema_version":2,"attributes":{"attach":false,"bridge":"","capabilities":[],"cgroup_parent":null,"cgroupns_mode":null,"command":["/usr/bin/s6-svscan","/etc/s6"],"container_logs":null,"container_read_refresh_timeout_milliseconds":15000,"cpu_period":null,"cpu_quota":null,"cpu_set":"","cpu_shares":0,"cpus":null,"destroy_grace_seconds":null,"devices":[],"dns":null,"dns_opts":null,"dns_search":null,"domainname":"","entrypoint":["/usr/bin/entrypoint"],"env":["USER_GID=1000","USER_UID=1000"],"exit_code":null,"gpus":null,"group_add":null,"healthcheck":null,"host":[],"hostname":"7fa83d5020cb","id":"7fa83d5020cbb2ba6f194ead1ef658475661c3ad5672537769c3320b66e5a3d7","image":"sha256:44f5007200a61f9c6707a05fc1d0b37d79ad8af5e87d4250ba06da59f461d877","init":false,"ipc_mode":"private","labels":[],"log_driver":"json-file","log_opts":null,"logs":false,"max_retry_count":0,"memory":0,"memory_reservation":0,"memory_swap":0,"mounts":[],"must_run":true,"name":"gitea","network_data":[{"gateway":"172.19.0.1","global_ipv6_address":"","global_ipv6_prefix_length":0,"ip_address":"172.19.0.3","ip_prefix_length":16,"ipv6_gateway":"","mac_address":"c2:a7:95:01:40:17","network_name":"devops_net"}],"network_mode":"bridge","networks_advanced":[{"aliases":[],"ipv4_address":"","ipv6_address":"","mac_address":"","name":"devops_net"}],"pid_mode":"","ports":[{"external":3000,"internal":3000,"ip":"0.0.0.0","protocol":"tcp"}],"privileged":false,"publish_all_ports":false,"read_only":false,"remove_volumes":true,"restart":"no","rm":false,"runtime":"runc","security_opts":[],"shm_size":64,"start":true,"stdin_open":false,"stop_signal":"","stop_timeout":0,"storage_opts":null,"sysctls":null,"tmpfs":null,"tty":false,"ulimit":[],"upload":[],"user":"","userns_mode":"","volumes":[{"container_path":"/data","from_container":"","host_path":"","read_only":null,"volume_name":"gitea_data"}],"wait":false,"wait_timeout":60,"working_dir":"/"},"sensitive_attributes":[],"private":"eyJzY2hlbWFfdmVyc2lvbiI6IjIifQ==","dependencies":["docker_image.gitea","docker_network.devops_net","docker_volume.gitea_data"]}]},{"mode":"managed","type":"docker_container","name":"jenkins","provider":"provider[\"registry.opentofu.org/kreuzwerker/docker\"]","instances":[{"schema_version":2,"attributes":{"attach":false,"bridge":"","capabilities":[],"cgroup_parent":null,"cgroupns_mode":null,"command":[],"container_logs":null,"container_read_refresh_timeout_milliseconds":15000,"cpu_period":null,"cpu_quota":null,"cpu_set":"","cpu_shares":0,"cpus":null,"destroy_grace_seconds":null,"devices":[],"dns":null,"dns_opts":null,"dns_search":null,"domainname":"","entrypoint":["/usr/bin/tini","--","/usr/local/bin/jenkins.sh"],"env":[],"exit_code":null,"gpus":null,"group_add":null,"healthcheck":null,"host":[],"hostname":"29e86befb39f","id":"29e86befb39f714da348c2c7a878e439f716efc566ea5b116c909d9ba91e3316","image":"sha256:75109de20007f9345278f298f4534d443409e234ba81225815caa812cc605644","init":false,"ipc_mode":"private","labels":[],"log_driver":"json-file","log_opts":null,"logs":false,"max_retry_count":0,"memory":0,"memory_reservation":0,"memory_swap":0,"mounts":[],"must_run":true,"name":"jenkins","network_data":[{"gateway":"172.19.0.1","global_ipv6_address":"","global_ipv6_prefix_length":0,"ip_address":"172.19.0.4","ip_prefix_length":16,"ipv6_gateway":"","mac_address":"36:52:d9:1f:70:61","network_name":"devops_net"}],"network_mode":"bridge","networks_advanced":[{"aliases":[],"ipv4_address":"","ipv6_address":"","mac_address":"","name":"devops_net"}],"pid_mode":"","ports":[{"external":8080,"internal":8080,"ip":"0.0.0.0","protocol":"tcp"},{"external":50000,"internal":50000,"ip":"0.0.0.0","protocol":"tcp"}],"privileged":false,"publish_all_ports":false,"read_only":false,"remove_volumes":true,"restart":"no","rm":false,"runtime":"runc","security_opts":[],"shm_size":64,"start":true,"stdin_open":false,"stop_signal":"","stop_timeout":0,"storage_opts":null,"sysctls":null,"tmpfs":null,"tty":false,"ulimit":[],"upload":[],"user":"jenkins","userns_mode":"","volumes":[{"container_path":"/var/jenkins_home","from_container":"","host_path":"","read_only":null,"volume_name":"jenkins_home"}],"wait":false,"wait_timeout":60,"working_dir":""},"sensitive_attributes":[],"private":"eyJzY2hlbWFfdmVyc2lvbiI6IjIifQ==","dependencies":["docker_image.jenkins","docker_network.devops_net","docker_volume.jenkins_home"]}]},{"mode":"managed","type":"docker_container","name":"postgres","provider":"provider[\"registry.opentofu.org/kreuzwerker/docker\"]","instances":[{"schema_version":2,"attributes":{"attach":false,"bridge":"","capabilities":[],"cgroup_parent":null,"cgroupns_mode":null,"command":["postgres"],"container_logs":null,"container_read_refresh_timeout_milliseconds":15000,"cpu_period":null,"cpu_quota":null,"cpu_set":"","cpu_shares":0,"cpus":null,"destroy_grace_seconds":null,"devices":[],"dns":null,"dns_opts":null,"dns_search":null,"domainname":"","entrypoint":["docker-entrypoint.sh"],"env":["POSTGRES_DB=sonarqube","POSTGRES_PASSWORD=sonar","POSTGRES_USER=sonar"],"exit_code":null,"gpus":null,"group_add":null,"healthcheck":null,"host":[],"hostname":"26ac022139ba","id":"26ac022139ba987626a49b07684009e3f553b2619184184daff78890baa546be","image":"sha256:7064d8f3d97089dad48d711f2ac4b60bd71edc79f09ea9f65b1806383eeb0987","init":false,"ipc_mode":"private","labels":[],"log_driver":"json-file","log_opts":null,"logs":false,"max_retry_count":0,"memory":0,"memory_reservation":0,"memory_swap":0,"mounts":[],"must_run":true,"name":"postgres","network_data":[{"gateway":"172.19.0.1","global_ipv6_address":"","global_ipv6_prefix_length":0,"ip_address":"172.19.0.2","ip_prefix_length":16,"ipv6_gateway":"","mac_address":"3e:6c:a0:ff:29:3a","network_name":"devops_net"}],"network_mode":"bridge","networks_advanced":[{"aliases":[],"ipv4_address":"","ipv6_address":"","mac_address":"","name":"devops_net"}],"pid_mode":"","ports":[{"external":5432,"internal":5432,"ip":"0.0.0.0","protocol":"tcp"}],"privileged":false,"publish_all_ports":false,"read_only":false,"remove_volumes":true,"restart":"no","rm":false,"runtime":"runc","security_opts":[],"shm_size":64,"start":true,"stdin_open":false,"stop_signal":"SIGINT","stop_timeout":0,"storage_opts":null,"sysctls":null,"tmpfs":null,"tty":false,"ulimit":[],"upload":[],"user":"","userns_mode":"","volumes":[{"container_path":"/var/lib/postgresql/data","from_container":"","host_path":"","read_only":null,"volume_name":"pg_data"}],"wait":false,"wait_timeout":60,"working_dir":""},"sensitive_attributes":[],"private":"eyJzY2hlbWFfdmVyc2lvbiI6IjIifQ==","dependencies":["docker_image.postgres","docker_network.devops_net","docker_volume.pg_data"]}]},{"mode":"managed","type":"docker_container","name":"sonarqube","provider":"provider[\"registry.opentofu.org/kreuzwerker/docker\"]","instances":[{"schema_version":2,"attributes":{"attach":false,"bridge":"","capabilities":[],"cgroup_parent":null,"cgroupns_mode":null,"command":[],"container_logs":null,"container_read_refresh_timeout_milliseconds":15000,"cpu_period":null,"cpu_quota":null,"cpu_set":"","cpu_shares":0,"cpus":null,"destroy_grace_seconds":null,"devices":[],"dns":null,"dns_opts":null,"dns_search":null,"domainname":"","entrypoint":["/opt/sonarqube/docker/entrypoint.sh"],"env":["SONAR_JDBC_PASSWORD=sonar","SONAR_JDBC_URL=jdbc:postgresql://postgres:5432/sonarqube","SONAR_JDBC_USERNAME=sonar"],"exit_code":null,"gpus":null,"group_add":null,"healthcheck":null,"host":[],"hostname":"27643fe87b25","id":"27643fe87b25d75579e757e52373c0936a6a32a16a827d05a55446555e259cdf","image":"sha256:0f46577d143d1d71aac108c6ef2e7e85976908e8a9541419aca5921a3545b7a0","init":false,"ipc_mode":"private","labels":[],"log_driver":"json-file","log_opts":null,"logs":false,"max_retry_count":0,"memory":0,"memory_reservation":0,"memory_swap":0,"mounts":[],"must_run":true,"name":"sonarqube","network_data":[{"gateway":"172.19.0.1","global_ipv6_address":"","global_ipv6_prefix_length":0,"ip_address":"172.19.0.5","ip_prefix_length":16,"ipv6_gateway":"","mac_address":"e6:ae:0a:1e:7e:d7","network_name":"devops_net"}],"network_mode":"bridge","networks_advanced":[{"aliases":[],"ipv4_address":"","ipv6_address":"","mac_address":"","name":"devops_net"}],"pid_mode":"","ports":[{"external":9000,"internal":9000,"ip":"0.0.0.0","protocol":"tcp"}],"privileged":false,"publish_all_ports":false,"read_only":false,"remove_volumes":true,"restart":"no","rm":false,"runtime":"runc","security_opts":[],"shm_size":64,"start":true,"stdin_open":false,"stop_signal":"SIGINT","stop_timeout":0,"storage_opts":null,"sysctls":null,"tmpfs":null,"tty":false,"ulimit":[],"upload":[],"user":"sonarqube","userns_mode":"","volumes":[{"container_path":"/opt/sonarqube/data","from_container":"","host_path":"","read_only":null,"volume_name":"sonar_data"}],"wait":false,"wait_timeout":60,"working_dir":"/opt/sonarqube"},"sensitive_attributes":[],"private":"eyJzY2hlbWFfdmVyc2lvbiI6IjIifQ==","dependencies":["docker_container.postgres","docker_image.postgres","docker_image.sonarqube","docker_network.devops_net","docker_volume.pg_data","docker_volume.sonar_data"]}]},{"mode":"managed","type":"docker_image","name":"gitea","provider":"provider[\"registry.opentofu.org/kreuzwerker/docker\"]","instances":[{"schema_version":0,"attributes":{"build":[],"force_remove":null,"id":"sha256:44f5007200a61f9c6707a05fc1d0b37d79ad8af5e87d4250ba06da59f461d877gitea/gitea:latest","image_id":"sha256:44f5007200a61f9c6707a05fc1d0b37d79ad8af5e87d4250ba06da59f461d877","keep_locally":null,"name":"gitea/gitea:latest","platform":null,"pull_triggers":null,"repo_digest":"gitea/gitea@sha256:fee0e5e55da6d2d11186bf39023a772fe63d9deffc0a83283e3d8e5d11c2716a","timeouts":null,"triggers":null},"sensitive_attributes":[],"private":"eyJlMmJmYjczMC1lY2FhLTExZTYtOGY4OC0zNDM2M2JjN2M0YzAiOnsiY3JlYXRlIjoxMjAwMDAwMDAwMDAwLCJkZWxldGUiOjEyMDAwMDAwMDAwMDAsInVwZGF0ZSI6MTIwMDAwMDAwMDAwMH19"}]},{"mode":"managed","type":"docker_image","name":"jenkins","provider":"provider[\"registry.opentofu.org/kreuzwerker/docker\"]","instances":[{"schema_version":0,"attributes":{"build":[],"force_remove":null,"id":"sha256:75109de20007f9345278f298f4534d443409e234ba81225815caa812cc605644jenkins/jenkins:lts-jdk21","image_id":"sha256:75109de20007f9345278f298f4534d443409e234ba81225815caa812cc605644","keep_locally":null,"name":"jenkins/jenkins:lts-jdk21","platform":null,"pull_triggers":null,"repo_digest":"jenkins/jenkins@sha256:1e407df1a9bcb122cc4d71d4ce44d2e3b2be31af004c157453a939f13ae691c7","timeouts":null,"triggers":null},"sensitive_attributes":[],"private":"eyJlMmJmYjczMC1lY2FhLTExZTYtOGY4OC0zNDM2M2JjN2M0YzAiOnsiY3JlYXRlIjoxMjAwMDAwMDAwMDAwLCJkZWxldGUiOjEyMDAwMDAwMDAwMDAsInVwZGF0ZSI6MTIwMDAwMDAwMDAwMH19"}]},{"mode":"managed","type":"docker_image","name":"postgres","provider":"provider[\"registry.opentofu.org/kreuzwerker/docker\"]","instances":[{"schema_version":0,"attributes":{"build":[],"force_remove":null,"id":"sha256:7064d8f3d97089dad48d711f2ac4b60bd71edc79f09ea9f65b1806383eeb0987postgres:15","image_id":"sha256:7064d8f3d97089dad48d711f2ac4b60bd71edc79f09ea9f65b1806383eeb0987","keep_locally":null,"name":"postgres:15","platform":null,"pull_triggers":null,"repo_digest":"postgres@sha256:e572ad991392c4bdf13388c96a122e48ae820f0c6ebb9f88ec4b0b0b6d4108bd","timeouts":null,"triggers":null},"sensitive_attributes":[],"private":"eyJlMmJmYjczMC1lY2FhLTExZTYtOGY4OC0zNDM2M2JjN2M0YzAiOnsiY3JlYXRlIjoxMjAwMDAwMDAwMDAwLCJkZWxldGUiOjEyMDAwMDAwMDAwMDAsInVwZGF0ZSI6MTIwMDAwMDAwMDAwMH19"}]},{"mode":"managed","type":"docker_image","name":"sonarqube","provider":"provider[\"registry.opentofu.org/kreuzwerker/docker\"]","instances":[{"schema_version":0,"attributes":{"build":[],"force_remove":null,"id":"sha256:0f46577d143d1d71aac108c6ef2e7e85976908e8a9541419aca5921a3545b7a0sonarqube:community","image_id":"sha256:0f46577d143d1d71aac108c6ef2e7e85976908e8a9541419aca5921a3545b7a0","keep_locally":null,"name":"sonarqube:community","platform":null,"pull_triggers":null,"repo_digest":"sonarqube@sha256:dd35da54462c016b7e43229355042bf6f335cdf3a478295dfdbd9589513875fc","timeouts":null,"triggers":null},"sensitive_attributes":[],"private":"eyJlMmJmYjczMC1lY2FhLTExZTYtOGY4OC0zNDM2M2JjN2M0YzAiOnsiY3JlYXRlIjoxMjAwMDAwMDAwMDAwLCJkZWxldGUiOjEyMDAwMDAwMDAwMDAsInVwZGF0ZSI6MTIwMDAwMDAwMDAwMH19"}]},{"mode":"managed","type":"docker_network","name":"devops_net","provider":"provider[\"registry.opentofu.org/kreuzwerker/docker\"]","instances":[{"schema_version":1,"attributes":{"attachable":false,"check_duplicate":null,"driver":"bridge","id":"6d99e678d3b4420095259a4004808682afd466e6e25a93c6dc0c9a37ae7c8b60","ingress":false,"internal":false,"ipam_config":[{"aux_address":{},"gateway":"172.19.0.1","ip_range":"","subnet":"172.19.0.0/16"}],"ipam_driver":"default","ipam_options":null,"ipv6":false,"labels":[],"name":"devops_net","options":{},"scope":"local"},"sensitive_attributes":[],"private":"eyJzY2hlbWFfdmVyc2lvbiI6IjEifQ=="}]},{"mode":"managed","type":"docker_volume","name":"gitea_data","provider":"provider[\"registry.opentofu.org/kreuzwerker/docker\"]","instances":[{"schema_version":1,"attributes":{"cluster":[],"driver":"local","driver_opts":null,"id":"gitea_data","labels":[],"mountpoint":"/var/lib/docker/volumes/gitea_data/_data","name":"gitea_data"},"sensitive_attributes":[],"private":"eyJzY2hlbWFfdmVyc2lvbiI6IjEifQ=="}]},{"mode":"managed","type":"docker_volume","name":"jenkins_home","provider":"provider[\"registry.opentofu.org/kreuzwerker/docker\"]","instances":[{"schema_version":1,"attributes":{"cluster":[],"driver":"local","driver_opts":null,"id":"jenkins_home","labels":[],"mountpoint":"/var/lib/docker/volumes/jenkins_home/_data","name":"jenkins_home"},"sensitive_attributes":[],"private":"eyJzY2hlbWFfdmVyc2lvbiI6IjEifQ=="}]},{"mode":"managed","type":"docker_volume","name":"pg_data","provider":"provider[\"registry.opentofu.org/kreuzwerker/docker\"]","instances":[{"schema_version":1,"attributes":{"cluster":[],"driver":"local","driver_opts":null,"id":"pg_data","labels":[],"mountpoint":"/var/lib/docker/volumes/pg_data/_data","name":"pg_data"},"sensitive_attributes":[],"private":"eyJzY2hlbWFfdmVyc2lvbiI6IjEifQ=="}]},{"mode":"managed","type":"docker_volume","name":"sonar_data","provider":"provider[\"registry.opentofu.org/kreuzwerker/docker\"]","instances":[{"schema_version":1,"attributes":{"cluster":[],"driver":"local","driver_opts":null,"id":"sonar_data","labels":[],"mountpoint":"/var/lib/docker/volumes/sonar_data/_data","name":"sonar_data"},"sensitive_attributes":[],"private":"eyJzY2hlbWFfdmVyc2lvbiI6IjEifQ=="}]}],"check_results":null}
