{"version":4,"terraform_version":"1.11.2","serial":2,"lineage":"16c436eb-fa3e-8a12-5721-a80738598350","outputs":{"nginx_url":{"value":"http://localhost:8080","type":"string"}},"resources":[{"mode":"managed","type":"docker_container","name":"nginx_container","provider":"provider[\"registry.opentofu.org/kreuzwerker/docker\"]","instances":[{"schema_version":2,"attributes":{"attach":false,"bridge":"","capabilities":[],"cgroup_parent":null,"cgroupns_mode":null,"command":["nginx","-g","daemon off;"],"container_logs":null,"container_read_refresh_timeout_milliseconds":15000,"cpu_period":null,"cpu_quota":null,"cpu_set":"","cpu_shares":0,"cpus":null,"destroy_grace_seconds":null,"devices":[],"dns":null,"dns_opts":null,"dns_search":null,"domainname":"","entrypoint":["/docker-entrypoint.sh"],"env":[],"exit_code":null,"gpus":null,"group_add":null,"healthcheck":null,"host":[],"hostname":"154fcacb543c","id":"154fcacb543c55a1815e52ccf26c52e4b68df373d84434a3c38bf46aad14bb79","image":"nginx:latest","init":false,"ipc_mode":"private","labels":[],"log_driver":"json-file","log_opts":null,"logs":false,"max_retry_count":0,"memory":0,"memory_reservation":0,"memory_swap":0,"mounts":[],"must_run":true,"name":"demo-nginx","network_data":[{"gateway":"172.18.0.1","global_ipv6_address":"","global_ipv6_prefix_length":0,"ip_address":"172.18.0.2","ip_prefix_length":16,"ipv6_gateway":"","mac_address":"0e:22:f5:66:e8:8c","network_name":"bridge"}],"network_mode":"bridge","networks_advanced":[],"pid_mode":"","ports":[{"external":8080,"internal":80,"ip":"0.0.0.0","protocol":"tcp"}],"privileged":false,"publish_all_ports":false,"read_only":false,"remove_volumes":true,"restart":"no","rm":false,"runtime":"runc","security_opts":[],"shm_size":64,"start":true,"stdin_open":false,"stop_signal":"SIGQUIT","stop_timeout":0,"storage_opts":null,"sysctls":null,"tmpfs":null,"tty":false,"ulimit":[],"upload":[],"user":"","userns_mode":"","volumes":[],"wait":false,"wait_timeout":60,"working_dir":""},"sensitive_attributes":[],"private":"eyJzY2hlbWFfdmVyc2lvbiI6IjIifQ==","dependencies":["docker_image.nginx"]}]},{"mode":"managed","type":"docker_image","name":"nginx","provider":"provider[\"registry.opentofu.org/kreuzwerker/docker\"]","instances":[{"schema_version":0,"attributes":{"build":[],"force_remove":null,"id":"sha256:4af177a024eb8a1e43f4fb6c66735bb8260115cb5925a64f51673219bd97c144nginx:latest","image_id":"sha256:4af177a024eb8a1e43f4fb6c66735bb8260115cb5925a64f51673219bd97c144","keep_locally":false,"name":"nginx:latest","platform":null,"pull_triggers":null,"repo_digest":"nginx@sha256:06eb0c817047c1d0f247f700431a4cddfb26a7622903dcb6fbe264de2c588f23","timeouts":null,"triggers":null},"sensitive_attributes":[],"private":"eyJlMmJmYjczMC1lY2FhLTExZTYtOGY4OC0zNDM2M2JjN2M0YzAiOnsiY3JlYXRlIjoxMjAwMDAwMDAwMDAwLCJkZWxldGUiOjEyMDAwMDAwMDAwMDAsInVwZGF0ZSI6MTIwMDAwMDAwMDAwMH19"}]}],"check_results":null}
