{"version":4,"terraform_version":"1.11.2","serial":4,"lineage":"fb1b0f0d-7339-9623-7dcb-3010355a870b","outputs":{"api_url":{"value":"http://localhost:3000","type":"string"},"postgres_container":{"value":"postgres","type":"string"},"redis_container":{"value":"redis","type":"string"}},"resources":[{"mode":"managed","type":"docker_container","name":"api_container","provider":"provider[\"registry.opentofu.org/kreuzwerker/docker\"]","instances":[{"schema_version":2,"attributes":{"attach":false,"bridge":"","capabilities":[],"cgroup_parent":null,"cgroupns_mode":null,"command":["npm","start"],"container_logs":null,"container_read_refresh_timeout_milliseconds":15000,"cpu_period":null,"cpu_quota":null,"cpu_set":"","cpu_shares":0,"cpus":null,"destroy_grace_seconds":null,"devices":[],"dns":null,"dns_opts":null,"dns_search":null,"domainname":"","entrypoint":["docker-entrypoint.sh"],"env":["POSTGRES_DB=demo_db","POSTGRES_PASSWORD=demo_pass","POSTGRES_USER=demo_user"],"exit_code":null,"gpus":null,"group_add":null,"healthcheck":null,"host":[],"hostname":"58096583d473","id":"58096583d473cf584cfcd03c972d205a1bd70440c02152c72334ef091cef7838","image":"opentofu_api:latest","init":false,"ipc_mode":"private","labels":[],"log_driver":"json-file","log_opts":null,"logs":false,"max_retry_count":0,"memory":0,"memory_reservation":0,"memory_swap":0,"mounts":[],"must_run":true,"name":"opentofu_api","network_data":[{"gateway":"172.19.0.1","global_ipv6_address":"","global_ipv6_prefix_length":0,"ip_address":"172.19.0.4","ip_prefix_length":16,"ipv6_gateway":"","mac_address":"ea:47:1f:7a:7b:dd","network_name":"opentofu_network"}],"network_mode":"bridge","networks_advanced":[{"aliases":[],"ipv4_address":"","ipv6_address":"","mac_address":"","name":"opentofu_network"}],"pid_mode":"","ports":[{"external":3000,"internal":3000,"ip":"0.0.0.0","protocol":"tcp"}],"privileged":false,"publish_all_ports":false,"read_only":false,"remove_volumes":true,"restart":"no","rm":false,"runtime":"runc","security_opts":[],"shm_size":64,"start":true,"stdin_open":false,"stop_signal":"","stop_timeout":0,"storage_opts":null,"sysctls":null,"tmpfs":null,"tty":false,"ulimit":[],"upload":[],"user":"","userns_mode":"","volumes":[],"wait":false,"wait_timeout":60,"working_dir":"/app"},"sensitive_attributes":[],"private":"eyJzY2hlbWFfdmVyc2lvbiI6IjIifQ==","dependencies":["docker_container.postgres_container","docker_container.redis_container","docker_image.api_image","docker_image.postgres","docker_image.redis","docker_network.stack_network","docker_volume.postgres_data","docker_volume.redis_data"]}]},{"mode":"managed","type":"docker_container","name":"postgres_container","provider":"provider[\"registry.opentofu.org/kreuzwerker/docker\"]","instances":[{"schema_version":2,"attributes":{"attach":false,"bridge":"","capabilities":[],"cgroup_parent":null,"cgroupns_mode":null,"command":["postgres"],"container_logs":null,"container_read_refresh_timeout_milliseconds":15000,"cpu_period":null,"cpu_quota":null,"cpu_set":"","cpu_shares":0,"cpus":null,"destroy_grace_seconds":null,"devices":[],"dns":[],"dns_opts":[],"dns_search":[],"domainname":"","entrypoint":["docker-entrypoint.sh"],"env":["POSTGRES_DB=demo_db","POSTGRES_PASSWORD=demo_pass","POSTGRES_USER=demo_user"],"exit_code":null,"gpus":null,"group_add":[],"healthcheck":[],"host":[],"hostname":"cce70bd44be0","id":"cce70bd44be0d18cee91e5d0a112a6f8c5245c4998267eeb6a3b72eea0ae03ec","image":"postgres:16","init":false,"ipc_mode":"private","labels":[],"log_driver":"json-file","log_opts":{},"logs":false,"max_retry_count":0,"memory":0,"memory_reservation":0,"memory_swap":0,"mounts":[],"must_run":true,"name":"postgres","network_data":[{"gateway":"172.19.0.1","global_ipv6_address":"","global_ipv6_prefix_length":0,"ip_address":"172.19.0.3","ip_prefix_length":16,"ipv6_gateway":"","mac_address":"ea:33:a6:3c:36:87","network_name":"opentofu_network"}],"network_mode":"bridge","networks_advanced":[{"aliases":[],"ipv4_address":"","ipv6_address":"","mac_address":"","name":"opentofu_network"}],"pid_mode":"","ports":[{"external":5432,"internal":5432,"ip":"0.0.0.0","protocol":"tcp"}],"privileged":false,"publish_all_ports":false,"read_only":false,"remove_volumes":true,"restart":"no","rm":false,"runtime":"runc","security_opts":[],"shm_size":64,"start":true,"stdin_open":false,"stop_signal":"SIGINT","stop_timeout":0,"storage_opts":{},"sysctls":{},"tmpfs":{},"tty":false,"ulimit":[],"upload":[],"user":"","userns_mode":"","volumes":[{"container_path":"/var/lib/postgresql/data","from_container":"","host_path":"","read_only":false,"volume_name":"postgres_data"}],"wait":false,"wait_timeout":60,"working_dir":""},"sensitive_attributes":[],"private":"eyJzY2hlbWFfdmVyc2lvbiI6IjIifQ==","dependencies":["docker_image.postgres","docker_network.stack_network","docker_volume.postgres_data"]}]},{"mode":"managed","type":"docker_container","name":"redis_container","provider":"provider[\"registry.opentofu.org/kreuzwerker/docker\"]","instances":[{"schema_version":2,"attributes":{"attach":false,"bridge":"","capabilities":[],"cgroup_parent":null,"cgroupns_mode":null,"command":["redis-server"],"container_logs":null,"container_read_refresh_timeout_milliseconds":15000,"cpu_period":null,"cpu_quota":null,"cpu_set":"","cpu_shares":0,"cpus":null,"destroy_grace_seconds":null,"devices":[],"dns":[],"dns_opts":[],"dns_search":[],"domainname":"","entrypoint":["docker-entrypoint.sh"],"env":[],"exit_code":null,"gpus":null,"group_add":[],"healthcheck":[],"host":[],"hostname":"e79dc638aebc","id":"e79dc638aebc058451f1237a3c7421a591adf0c003804410348b810fed61058a","image":"redis:7","init":false,"ipc_mode":"private","labels":[],"log_driver":"json-file","log_opts":{},"logs":false,"max_retry_count":0,"memory":0,"memory_reservation":0,"memory_swap":0,"mounts":[],"must_run":true,"name":"redis","network_data":[{"gateway":"172.19.0.1","global_ipv6_address":"","global_ipv6_prefix_length":0,"ip_address":"172.19.0.2","ip_prefix_length":16,"ipv6_gateway":"","mac_address":"32:be:02:d1:4b:ba","network_name":"opentofu_network"}],"network_mode":"bridge","networks_advanced":[{"aliases":[],"ipv4_address":"","ipv6_address":"","mac_address":"","name":"opentofu_network"}],"pid_mode":"","ports":[{"external":6379,"internal":6379,"ip":"0.0.0.0","protocol":"tcp"}],"privileged":false,"publish_all_ports":false,"read_only":false,"remove_volumes":true,"restart":"no","rm":false,"runtime":"runc","security_opts":[],"shm_size":64,"start":true,"stdin_open":false,"stop_signal":"","stop_timeout":0,"storage_opts":{},"sysctls":{},"tmpfs":{},"tty":false,"ulimit":[],"upload":[],"user":"","userns_mode":"","volumes":[{"container_path":"/data","from_container":"","host_path":"","read_only":false,"volume_name":"redis_data"}],"wait":false,"wait_timeout":60,"working_dir":"/data"},"sensitive_attributes":[],"private":"eyJzY2hlbWFfdmVyc2lvbiI6IjIifQ==","dependencies":["docker_image.redis","docker_network.stack_network","docker_volume.redis_data"]}]},{"mode":"managed","type":"docker_image","name":"api_image","provider":"provider[\"registry.opentofu.org/kreuzwerker/docker\"]","instances":[{"schema_version":0,"attributes":{"build":[{"additional_contexts":[],"auth_config":[],"build_args":{},"build_id":"","build_log_file":"","builder":"","cache_from":[],"cache_to":[],"cgroup_parent":"","context":"./api","cpu_period":0,"cpu_quota":0,"cpu_set_cpus":"","cpu_set_mems":"","cpu_shares":0,"dockerfile":"Dockerfile","extra_hosts":[],"force_remove":false,"isolation":"","label":{},"labels":{},"memory":0,"memory_swap":0,"network_mode":"","no_cache":false,"platform":"","pull_parent":false,"remote_context":"","remove":true,"secrets":[],"security_opt":[],"session_id":"","shm_size":0,"squash":false,"suppress_output":false,"tag":[],"target":"","ulimit":[],"version":""}],"force_remove":null,"id":"sha256:45782efa0f8e61e946d060bcceba17db6b097182f30ea80f5a477d4901567213opentofu_api:latest","image_id":"sha256:45782efa0f8e61e946d060bcceba17db6b097182f30ea80f5a477d4901567213","keep_locally":null,"name":"opentofu_api:latest","platform":null,"pull_triggers":null,"repo_digest":"","timeouts":null,"triggers":null},"sensitive_attributes":[],"private":"eyJlMmJmYjczMC1lY2FhLTExZTYtOGY4OC0zNDM2M2JjN2M0YzAiOnsiY3JlYXRlIjoxMjAwMDAwMDAwMDAwLCJkZWxldGUiOjEyMDAwMDAwMDAwMDAsInVwZGF0ZSI6MTIwMDAwMDAwMDAwMH19"}]},{"mode":"managed","type":"docker_image","name":"postgres","provider":"provider[\"registry.opentofu.org/kreuzwerker/docker\"]","instances":[{"schema_version":0,"attributes":{"build":[],"force_remove":null,"id":"sha256:90a8782b2360b0f3839e977351daeccdd96cb42beb721f7c971e51f4056442cdpostgres:16","image_id":"sha256:90a8782b2360b0f3839e977351daeccdd96cb42beb721f7c971e51f4056442cd","keep_locally":false,"name":"postgres:16","platform":null,"pull_triggers":null,"repo_digest":"postgres@sha256:74cf8f5812fe18b00154620aa95d5921c40a604f1b19e33f86ca3aaa6e993ad9","timeouts":null,"triggers":null},"sensitive_attributes":[],"private":"eyJlMmJmYjczMC1lY2FhLTExZTYtOGY4OC0zNDM2M2JjN2M0YzAiOnsiY3JlYXRlIjoxMjAwMDAwMDAwMDAwLCJkZWxldGUiOjEyMDAwMDAwMDAwMDAsInVwZGF0ZSI6MTIwMDAwMDAwMDAwMH19"}]},{"mode":"managed","type":"docker_image","name":"redis","provider":"provider[\"registry.opentofu.org/kreuzwerker/docker\"]","instances":[{"schema_version":0,"attributes":{"build":[],"force_remove":null,"id":"sha256:6b8be92f31f3110b627cf93d5c9704f154eac7be88b7a57ea3c3a8c67b2b2727redis:7","image_id":"sha256:6b8be92f31f3110b627cf93d5c9704f154eac7be88b7a57ea3c3a8c67b2b2727","keep_locally":false,"name":"redis:7","platform":null,"pull_triggers":null,"repo_digest":"redis@sha256:c6e4a82ce60b829a72a21cc4ad4c1c274fa6962eb0d6ac698e8157cbc3fe16a4","timeouts":null,"triggers":null},"sensitive_attributes":[],"private":"eyJlMmJmYjczMC1lY2FhLTExZTYtOGY4OC0zNDM2M2JjN2M0YzAiOnsiY3JlYXRlIjoxMjAwMDAwMDAwMDAwLCJkZWxldGUiOjEyMDAwMDAwMDAwMDAsInVwZGF0ZSI6MTIwMDAwMDAwMDAwMH19"}]},{"mode":"managed","type":"docker_network","name":"stack_network","provider":"provider[\"registry.opentofu.org/kreuzwerker/docker\"]","instances":[{"schema_version":1,"attributes":{"attachable":false,"check_duplicate":null,"driver":"bridge","id":"7bc83a4cbff9f5ce07f52ba5fffd81488d051a14e8f3fbdc3cfb9bacbc8528d9","ingress":false,"internal":false,"ipam_config":[{"aux_address":{},"gateway":"172.19.0.1","ip_range":"","subnet":"172.19.0.0/16"}],"ipam_driver":"default","ipam_options":{},"ipv6":false,"labels":[],"name":"opentofu_network","options":{},"scope":"local"},"sensitive_attributes":[],"private":"eyJzY2hlbWFfdmVyc2lvbiI6IjEifQ=="}]},{"mode":"managed","type":"docker_volume","name":"postgres_data","provider":"provider[\"registry.opentofu.org/kreuzwerker/docker\"]","instances":[{"schema_version":1,"attributes":{"cluster":[],"driver":"local","driver_opts":{},"id":"postgres_data","labels":[],"mountpoint":"/var/lib/docker/volumes/postgres_data/_data","name":"postgres_data"},"sensitive_attributes":[],"private":"eyJzY2hlbWFfdmVyc2lvbiI6IjEifQ=="}]},{"mode":"managed","type":"docker_volume","name":"redis_data","provider":"provider[\"registry.opentofu.org/kreuzwerker/docker\"]","instances":[{"schema_version":1,"attributes":{"cluster":[],"driver":"local","driver_opts":{},"id":"redis_data","labels":[],"mountpoint":"/var/lib/docker/volumes/redis_data/_data","name":"redis_data"},"sensitive_attributes":[],"private":"eyJzY2hlbWFfdmVyc2lvbiI6IjEifQ=="}]}],"check_results":null}
