{"version":4,"terraform_version":"1.11.3","serial":28,"lineage":"4db488cf-e129-91ea-b185-5605b32be6aa","outputs":{},"resources":[{"mode":"managed","type":"docker_container","name":"grafana","provider":"provider[\"registry.opentofu.org/kreuzwerker/docker\"]","instances":[{"schema_version":2,"attributes":{"attach":false,"bridge":"","capabilities":[],"cgroup_parent":null,"cgroupns_mode":null,"command":[],"container_logs":null,"container_read_refresh_timeout_milliseconds":15000,"cpu_period":null,"cpu_quota":null,"cpu_set":"","cpu_shares":0,"cpus":null,"destroy_grace_seconds":null,"devices":[],"dns":[],"dns_opts":[],"dns_search":[],"domainname":"","entrypoint":["/run.sh"],"env":[],"exit_code":null,"gpus":null,"group_add":[],"healthcheck":[],"host":[],"hostname":"b0312c844800","id":"b0312c8448006a811c7bed563c540b7648eddd2adb19753eacaee9f1c0642db7","image":"grafana/grafana:latest","init":false,"ipc_mode":"private","labels":[],"log_driver":"json-file","log_opts":{},"logs":false,"max_retry_count":0,"memory":0,"memory_reservation":0,"memory_swap":0,"mounts":[],"must_run":true,"name":"grafana","network_data":[{"gateway":"172.19.0.1","global_ipv6_address":"","global_ipv6_prefix_length":0,"ip_address":"172.19.0.3","ip_prefix_length":16,"ipv6_gateway":"","mac_address":"32:dd:ac:56:c4:27","network_name":"monitoring-net"}],"network_mode":"bridge","networks_advanced":[{"aliases":[],"ipv4_address":"","ipv6_address":"","mac_address":"","name":"monitoring-net"}],"pid_mode":"","ports":[{"external":3000,"internal":3000,"ip":"0.0.0.0","protocol":"tcp"}],"privileged":false,"publish_all_ports":false,"read_only":false,"remove_volumes":true,"restart":"no","rm":false,"runtime":"runc","security_opts":[],"shm_size":64,"start":true,"stdin_open":false,"stop_signal":"","stop_timeout":0,"storage_opts":{},"sysctls":{},"tmpfs":{},"tty":false,"ulimit":[],"upload":[],"user":"472","userns_mode":"","volumes":[{"container_path":"/var/lib/grafana","from_container":"","host_path":"","read_only":false,"volume_name":"grafana_data"}],"wait":false,"wait_timeout":60,"working_dir":"/usr/share/grafana"},"sensitive_attributes":[],"private":"eyJzY2hlbWFfdmVyc2lvbiI6IjIifQ==","dependencies":["docker_network.monitoring","docker_volume.grafana_data"]}]},{"mode":"managed","type":"docker_container","name":"loki","provider":"provider[\"registry.opentofu.org/kreuzwerker/docker\"]","instances":[{"schema_version":2,"attributes":{"attach":false,"bridge":"","capabilities":[],"cgroup_parent":null,"cgroupns_mode":null,"command":["-config.file=/etc/loki/local-config.yaml"],"container_logs":null,"container_read_refresh_timeout_milliseconds":15000,"cpu_period":null,"cpu_quota":null,"cpu_set":"","cpu_shares":0,"cpus":null,"destroy_grace_seconds":null,"devices":[],"dns":null,"dns_opts":null,"dns_search":null,"domainname":"","entrypoint":["/usr/bin/loki"],"env":[],"exit_code":null,"gpus":null,"group_add":null,"healthcheck":null,"host":[],"hostname":"55b0b925fc5a","id":"55b0b925fc5ab0689b0c376057e416a1af582173700fe2900889666576dd6ec1","image":"grafana/loki:latest","init":false,"ipc_mode":"private","labels":[],"log_driver":"json-file","log_opts":null,"logs":false,"max_retry_count":0,"memory":0,"memory_reservation":0,"memory_swap":0,"mounts":[],"must_run":true,"name":"loki","network_data":[{"gateway":"172.19.0.1","global_ipv6_address":"","global_ipv6_prefix_length":0,"ip_address":"172.19.0.5","ip_prefix_length":16,"ipv6_gateway":"","mac_address":"22:a1:d7:c7:23:1d","network_name":"monitoring-net"}],"network_mode":"bridge","networks_advanced":[{"aliases":[],"ipv4_address":"","ipv6_address":"","mac_address":"","name":"monitoring-net"}],"pid_mode":"","ports":[{"external":3100,"internal":3100,"ip":"0.0.0.0","protocol":"tcp"}],"privileged":false,"publish_all_ports":false,"read_only":false,"remove_volumes":true,"restart":"no","rm":false,"runtime":"runc","security_opts":[],"shm_size":64,"start":true,"stdin_open":false,"stop_signal":"","stop_timeout":0,"storage_opts":null,"sysctls":null,"tmpfs":null,"tty":false,"ulimit":[],"upload":[],"user":"10001","userns_mode":"","volumes":[{"container_path":"/data","from_container":"","host_path":"","read_only":false,"volume_name":"loki_data"},{"container_path":"/etc/loki/local-config.yaml","from_container":"","host_path":"/home/alex/tp-opentofu-advanced/ateliers/opentofu-observability/loki-config.yaml","read_only":null,"volume_name":""}],"wait":false,"wait_timeout":60,"working_dir":"/"},"sensitive_attributes":[],"private":"eyJzY2hlbWFfdmVyc2lvbiI6IjIifQ==","dependencies":["docker_network.monitoring","docker_volume.loki_data"]}]},{"mode":"managed","type":"docker_container","name":"podinfo","provider":"provider[\"registry.opentofu.org/kreuzwerker/docker\"]","instances":[{"schema_version":2,"attributes":{"attach":false,"bridge":"","capabilities":[],"cgroup_parent":null,"cgroupns_mode":null,"command":["./podinfo"],"container_logs":null,"container_read_refresh_timeout_milliseconds":15000,"cpu_period":null,"cpu_quota":null,"cpu_set":"","cpu_shares":0,"cpus":null,"destroy_grace_seconds":null,"devices":[],"dns":[],"dns_opts":[],"dns_search":[],"domainname":"","entrypoint":[],"env":[],"exit_code":null,"gpus":null,"group_add":[],"healthcheck":[],"host":[],"hostname":"32c999fb5e43","id":"32c999fb5e434fa84c67c3c5898a4352d3c8675a29ba2debd84fe10649fed107","image":"stefanprodan/podinfo:latest","init":false,"ipc_mode":"private","labels":[],"log_driver":"json-file","log_opts":{},"logs":false,"max_retry_count":0,"memory":0,"memory_reservation":0,"memory_swap":0,"mounts":[],"must_run":true,"name":"podinfo","network_data":[{"gateway":"172.19.0.1","global_ipv6_address":"","global_ipv6_prefix_length":0,"ip_address":"172.19.0.2","ip_prefix_length":16,"ipv6_gateway":"","mac_address":"b6:b5:4a:0d:06:7d","network_name":"monitoring-net"}],"network_mode":"bridge","networks_advanced":[{"aliases":[],"ipv4_address":"","ipv6_address":"","mac_address":"","name":"monitoring-net"}],"pid_mode":"","ports":[{"external":8080,"internal":8080,"ip":"0.0.0.0","protocol":"tcp"},{"external":9898,"internal":9898,"ip":"0.0.0.0","protocol":"tcp"}],"privileged":false,"publish_all_ports":false,"read_only":false,"remove_volumes":true,"restart":"no","rm":false,"runtime":"runc","security_opts":[],"shm_size":64,"start":true,"stdin_open":false,"stop_signal":"","stop_timeout":0,"storage_opts":{},"sysctls":{},"tmpfs":{},"tty":false,"ulimit":[],"upload":[],"user":"app","userns_mode":"","volumes":[],"wait":false,"wait_timeout":60,"working_dir":"/home/app"},"sensitive_attributes":[],"private":"eyJzY2hlbWFfdmVyc2lvbiI6IjIifQ==","dependencies":["docker_network.monitoring"]}]},{"mode":"managed","type":"docker_container","name":"prometheus","provider":"provider[\"registry.opentofu.org/kreuzwerker/docker\"]","instances":[{"schema_version":2,"attributes":{"attach":false,"bridge":"","capabilities":[],"cgroup_parent":null,"cgroupns_mode":null,"command":["--config.file=/etc/prometheus/prometheus.yml","--storage.tsdb.path=/prometheus"],"container_logs":null,"container_read_refresh_timeout_milliseconds":15000,"cpu_period":null,"cpu_quota":null,"cpu_set":"","cpu_shares":0,"cpus":null,"destroy_grace_seconds":null,"devices":[],"dns":[],"dns_opts":[],"dns_search":[],"domainname":"","entrypoint":["/bin/prometheus"],"env":[],"exit_code":null,"gpus":null,"group_add":[],"healthcheck":[],"host":[],"hostname":"63db45edd8a2","id":"63db45edd8a2297d4792cbdb643e5530240f0f40bccffbeaf4ef17bbd4593bb1","image":"prom/prometheus:latest","init":false,"ipc_mode":"private","labels":[],"log_driver":"json-file","log_opts":{},"logs":false,"max_retry_count":0,"memory":0,"memory_reservation":0,"memory_swap":0,"mounts":[],"must_run":true,"name":"prometheus","network_data":[{"gateway":"172.19.0.1","global_ipv6_address":"","global_ipv6_prefix_length":0,"ip_address":"172.19.0.4","ip_prefix_length":16,"ipv6_gateway":"","mac_address":"76:47:33:f4:8e:8b","network_name":"monitoring-net"}],"network_mode":"bridge","networks_advanced":[{"aliases":[],"ipv4_address":"","ipv6_address":"","mac_address":"","name":"monitoring-net"}],"pid_mode":"","ports":[{"external":9090,"internal":9090,"ip":"0.0.0.0","protocol":"tcp"}],"privileged":false,"publish_all_ports":false,"read_only":false,"remove_volumes":true,"restart":"no","rm":false,"runtime":"runc","security_opts":[],"shm_size":64,"start":true,"stdin_open":false,"stop_signal":"","stop_timeout":0,"storage_opts":{},"sysctls":{},"tmpfs":{},"tty":false,"ulimit":[],"upload":[],"user":"nobody","userns_mode":"","volumes":[{"container_path":"/etc/prometheus/prometheus.yml","from_container":"","host_path":"/home/alex/tp-opentofu-advanced/ateliers/opentofu-observability/prometheus.yml","read_only":false,"volume_name":""},{"container_path":"/prometheus","from_container":"","host_path":"","read_only":false,"volume_name":"prometheus_data"}],"wait":false,"wait_timeout":60,"working_dir":"/prometheus"},"sensitive_attributes":[],"private":"eyJzY2hlbWFfdmVyc2lvbiI6IjIifQ==","dependencies":["docker_network.monitoring","docker_volume.prometheus_data"]}]},{"mode":"managed","type":"docker_network","name":"monitoring","provider":"provider[\"registry.opentofu.org/kreuzwerker/docker\"]","instances":[{"schema_version":1,"attributes":{"attachable":false,"check_duplicate":null,"driver":"bridge","id":"d41941876818e092741cfde2da6bd51f97ad284b0e63e103dc544aeb62a59788","ingress":false,"internal":false,"ipam_config":[{"aux_address":{},"gateway":"172.19.0.1","ip_range":"","subnet":"172.19.0.0/16"}],"ipam_driver":"default","ipam_options":{},"ipv6":false,"labels":[],"name":"monitoring-net","options":{},"scope":"local"},"sensitive_attributes":[],"private":"eyJzY2hlbWFfdmVyc2lvbiI6IjEifQ=="}]},{"mode":"managed","type":"docker_volume","name":"grafana_data","provider":"provider[\"registry.opentofu.org/kreuzwerker/docker\"]","instances":[{"schema_version":1,"attributes":{"cluster":[],"driver":"local","driver_opts":{},"id":"grafana_data","labels":[],"mountpoint":"/var/lib/docker/volumes/grafana_data/_data","name":"grafana_data"},"sensitive_attributes":[],"private":"eyJzY2hlbWFfdmVyc2lvbiI6IjEifQ=="}]},{"mode":"managed","type":"docker_volume","name":"loki_data","provider":"provider[\"registry.opentofu.org/kreuzwerker/docker\"]","instances":[{"schema_version":1,"attributes":{"cluster":[],"driver":"local","driver_opts":{},"id":"loki_data","labels":[],"mountpoint":"/var/lib/docker/volumes/loki_data/_data","name":"loki_data"},"sensitive_attributes":[],"private":"eyJzY2hlbWFfdmVyc2lvbiI6IjEifQ=="}]},{"mode":"managed","type":"docker_volume","name":"prometheus_data","provider":"provider[\"registry.opentofu.org/kreuzwerker/docker\"]","instances":[{"schema_version":1,"attributes":{"cluster":[],"driver":"local","driver_opts":{},"id":"prometheus_data","labels":[],"mountpoint":"/var/lib/docker/volumes/prometheus_data/_data","name":"prometheus_data"},"sensitive_attributes":[],"private":"eyJzY2hlbWFfdmVyc2lvbiI6IjEifQ=="}]}],"check_results":null}
